
Microsoft Visual Studio Solution File, Format Version 12.00
# Visual Studio Version 16
VisualStudioVersion = 16.0.31410.357
MinimumVisualStudioVersion = 10.0.40219.1
Project("{FAE04EC0-301F-11D3-BF4B-00C04F79EFBC}") = "DevinceptCSharp", "DevinceptCSharp\DevinceptCSharp.csproj", "{75F88874-CA8A-46B6-AC6F-706C1ADB8F3E}"
EndProject
Global
	GlobalSection(SolutionConfigurationPlatforms) = preSolution
		Debug|Any CPU = Debug|Any CPU
		Release|Any CPU = Release|Any CPU
	EndGlobalSection
	GlobalSection(ProjectConfigurationPlatforms) = postSolution
		{75F88874-CA8A-46B6-AC6F-706C1ADB8F3E}.Debug|Any CPU.ActiveCfg = Debug|Any CPU
		{75F88874-CA8A-46B6-AC6F-706C1ADB8F3E}.Debug|Any CPU.Build.0 = Debug|Any CPU
		{75F88874-CA8A-46B6-AC6F-706C1ADB8F3E}.Release|Any CPU.ActiveCfg = Release|Any CPU
		{75F88874-CA8A-46B6-AC6F-706C1ADB8F3E}.Release|Any CPU.Build.0 = Release|Any CPU
	EndGlobalSection
	GlobalSection(SolutionProperties) = preSolution
		HideSolutionNode = FALSE
	EndGlobalSection
	GlobalSection(ExtensibilityGlobals) = postSolution
		SolutionGuid = {0877BA07-771A-4D95-9CA3-8AB78DC12D15}
	EndGlobalSection
EndGlobal
